{
    "name": "CosmosTypescriptExample",
    "version": "1.0.0",
    "lockfileVersion": 2,
    "requires": true,
    "packages": {
        "": {
            "version": "1.0.0",
            "dependencies": {
                "azure-cosmosdb-js-server-types": "^1.0.0",
                "typescript": "^4.8.4"
            }
        },
        "node_modules/azure-cosmosdb-js-server-types": {
            "version": "1.0.0",
            "resolved": "https://registry.npmjs.org/azure-cosmosdb-js-server-types/-/azure-cosmosdb-js-server-types-1.0.0.tgz",
            "integrity": "sha512-8jq3779Ln54Uwu0GlljnxtC+eWEG9xjjC7JU4kQRorRJYoz+7AgmDMXvxawdTxGDY78fKxuLgJbjnU4gTBqIVw=="
        },
        "node_modules/typescript": {
            "version": "4.8.4",
            "resolved": "https://registry.npmjs.org/typescript/-/typescript-4.8.4.tgz",
            "integrity": "sha512-QCh+85mCy+h0IGff8r5XWzOVSbBO+KfeYrMQh7NJ58QujwcE22u+NUSmUxqF+un70P9GXKxa2HCNiTTMJknyjQ==",
            "bin": {
                "tsc": "bin/tsc",
                "tsserver": "bin/tsserver"
            },
            "engines": {
                "node": ">=4.2.0"
            }
        }
    },
    "dependencies": {
        "azure-cosmosdb-js-server-types": {
            "version": "1.0.0",
            "resolved": "https://registry.npmjs.org/azure-cosmosdb-js-server-types/-/azure-cosmosdb-js-server-types-1.0.0.tgz",
            "integrity": "sha512-8jq3779Ln54Uwu0GlljnxtC+eWEG9xjjC7JU4kQRorRJYoz+7AgmDMXvxawdTxGDY78fKxuLgJbjnU4gTBqIVw=="
        },
        "typescript": {
            "version": "4.8.4",
            "resolved": "https://registry.npmjs.org/typescript/-/typescript-4.8.4.tgz",
            "integrity": "sha512-QCh+85mCy+h0IGff8r5XWzOVSbBO+KfeYrMQh7NJ58QujwcE22u+NUSmUxqF+un70P9GXKxa2HCNiTTMJknyjQ=="
        }
    }
}
